
Microsoft Visual Studio Solution File, Format Version 12.00
# Visual Studio Version 16
VisualStudioVersion = 16.0.31729.503
MinimumVisualStudioVersion = 10.0.40219.1
Project("{2150E333-8FDC-42A3-9474-1A3956D46DE8}") = "3-CrossCutting", "3-CrossCutting", "{0414C260-6DF1-4C54-9679-35F785B70A92}"
EndProject
Project("{2150E333-8FDC-42A3-9474-1A3956D46DE8}") = "1-FrontEnd", "1-FrontEnd", "{C8A7E98D-E911-4AB2-A97F-D37766572A4E}"
EndProject
Project("{2150E333-8FDC-42A3-9474-1A3956D46DE8}") = "2-BackEnd", "2-BackEnd", "{CCADCE38-0696-4921-BFA9-6232CE249724}"
EndProject
Project("{2150E333-8FDC-42A3-9474-1A3956D46DE8}") = "3.0-CommonPlace", "3.0-CommonPlace", "{9503091C-1C3D-4747-A656-3DBF4B15B549}"
EndProject
Project("{2150E333-8FDC-42A3-9474-1A3956D46DE8}") = "2.0-ApplicationService", "2.0-ApplicationService", "{21A8445A-138A-4656-975A-4EB11734C7BB}"
EndProject
Project("{2150E333-8FDC-42A3-9474-1A3956D46DE8}") = "2.1-DataAccess", "2.1-DataAccess", "{1CFC51B6-E3C8-47C5-818B-9219D1549091}"
EndProject
Project("{2150E333-8FDC-42A3-9474-1A3956D46DE8}") = "2.2-DomainService", "2.2-DomainService", "{B32DC6FF-92CB-45B6-B2D0-A5AF827C36E9}"
EndProject
Project("{2150E333-8FDC-42A3-9474-1A3956D46DE8}") = "2.3-DomainModel", "2.3-DomainModel", "{F7E94688-07E0-4C13-B943-A4F5E77378CC}"
EndProject
Project("{2150E333-8FDC-42A3-9474-1A3956D46DE8}") = "1.0-AppWeb", "1.0-AppWeb", "{62B82E3D-852C-4CC3-BDA6-6D86A4F0CABF}"
EndProject
Project("{9A19103F-16F7-4668-BE54-9A1E7A4F7556}") = "MyAngular20.CommonPlace", "MyAngular20.CommonPlace\MyAngular20.CommonPlace.csproj", "{AF769751-74F9-48A4-9BDF-BD3BE2565D62}"
EndProject
Project("{9A19103F-16F7-4668-BE54-9A1E7A4F7556}") = "MyAngular20.DomainModel", "MyAngular20.DomainModel\MyAngular20.DomainModel.csproj", "{B55C3671-A746-43FB-975F-21371F3F4FBB}"
EndProject
Project("{9A19103F-16F7-4668-BE54-9A1E7A4F7556}") = "MyAngular20.DomainService", "MyAngular20.DomainService\MyAngular20.DomainService.csproj", "{8CE1EF03-1602-4FC7-9FB8-3C23FD15B475}"
EndProject
Project("{9A19103F-16F7-4668-BE54-9A1E7A4F7556}") = "MyAngular20.DataAccess", "MyAngular20.DataAccess\MyAngular20.DataAccess.csproj", "{3CE78A3B-4773-4519-9936-48BC9BCB1E8F}"
EndProject
Project("{9A19103F-16F7-4668-BE54-9A1E7A4F7556}") = "MyAngular20.ApplicationService", "MyAngular20.ApplicationService\MyAngular20.ApplicationService.csproj", "{8DA1622B-E884-40B7-AB7F-63B8F391C35D}"
EndProject
Project("{9A19103F-16F7-4668-BE54-9A1E7A4F7556}") = "MyAngular20.AppWebAngular", "MyAngular20.AppWebAngular\MyAngular20.AppWebAngular.csproj", "{C20B1940-3D20-4CF2-8A26-715C589FA68B}"
EndProject
Project("{2150E333-8FDC-42A3-9474-1A3956D46DE8}") = "1.1-AppWin32", "1.1-AppWin32", "{7001B118-ECF6-41F0-BE81-8D0F37CC4198}"
EndProject
Project("{FAE04EC0-301F-11D3-BF4B-00C04F79EFBC}") = "MyAngular20.AppWin32", "MyAngular20.AppWin32\MyAngular20.AppWin32.csproj", "{2ABFCEF5-95DE-44CD-8CC6-AC77BCFE92F5}"
EndProject
Global
	GlobalSection(SolutionConfigurationPlatforms) = preSolution
		Debug|Any CPU = Debug|Any CPU
		Release|Any CPU = Release|Any CPU
	EndGlobalSection
	GlobalSection(ProjectConfigurationPlatforms) = postSolution
		{AF769751-74F9-48A4-9BDF-BD3BE2565D62}.Debug|Any CPU.ActiveCfg = Debug|Any CPU
		{AF769751-74F9-48A4-9BDF-BD3BE2565D62}.Debug|Any CPU.Build.0 = Debug|Any CPU
		{AF769751-74F9-48A4-9BDF-BD3BE2565D62}.Release|Any CPU.ActiveCfg = Release|Any CPU
		{AF769751-74F9-48A4-9BDF-BD3BE2565D62}.Release|Any CPU.Build.0 = Release|Any CPU
		{B55C3671-A746-43FB-975F-21371F3F4FBB}.Debug|Any CPU.ActiveCfg = Debug|Any CPU
		{B55C3671-A746-43FB-975F-21371F3F4FBB}.Debug|Any CPU.Build.0 = Debug|Any CPU
		{B55C3671-A746-43FB-975F-21371F3F4FBB}.Release|Any CPU.ActiveCfg = Release|Any CPU
		{B55C3671-A746-43FB-975F-21371F3F4FBB}.Release|Any CPU.Build.0 = Release|Any CPU
		{8CE1EF03-1602-4FC7-9FB8-3C23FD15B475}.Debug|Any CPU.ActiveCfg = Debug|Any CPU
		{8CE1EF03-1602-4FC7-9FB8-3C23FD15B475}.Debug|Any CPU.Build.0 = Debug|Any CPU
		{8CE1EF03-1602-4FC7-9FB8-3C23FD15B475}.Release|Any CPU.ActiveCfg = Release|Any CPU
		{8CE1EF03-1602-4FC7-9FB8-3C23FD15B475}.Release|Any CPU.Build.0 = Release|Any CPU
		{3CE78A3B-4773-4519-9936-48BC9BCB1E8F}.Debug|Any CPU.ActiveCfg = Debug|Any CPU
		{3CE78A3B-4773-4519-9936-48BC9BCB1E8F}.Debug|Any CPU.Build.0 = Debug|Any CPU
		{3CE78A3B-4773-4519-9936-48BC9BCB1E8F}.Release|Any CPU.ActiveCfg = Release|Any CPU
		{3CE78A3B-4773-4519-9936-48BC9BCB1E8F}.Release|Any CPU.Build.0 = Release|Any CPU
		{8DA1622B-E884-40B7-AB7F-63B8F391C35D}.Debug|Any CPU.ActiveCfg = Debug|Any CPU
		{8DA1622B-E884-40B7-AB7F-63B8F391C35D}.Debug|Any CPU.Build.0 = Debug|Any CPU
		{8DA1622B-E884-40B7-AB7F-63B8F391C35D}.Release|Any CPU.ActiveCfg = Release|Any CPU
		{8DA1622B-E884-40B7-AB7F-63B8F391C35D}.Release|Any CPU.Build.0 = Release|Any CPU
		{C20B1940-3D20-4CF2-8A26-715C589FA68B}.Debug|Any CPU.ActiveCfg = Debug|Any CPU
		{C20B1940-3D20-4CF2-8A26-715C589FA68B}.Debug|Any CPU.Build.0 = Debug|Any CPU
		{C20B1940-3D20-4CF2-8A26-715C589FA68B}.Release|Any CPU.ActiveCfg = Release|Any CPU
		{C20B1940-3D20-4CF2-8A26-715C589FA68B}.Release|Any CPU.Build.0 = Release|Any CPU
		{2ABFCEF5-95DE-44CD-8CC6-AC77BCFE92F5}.Debug|Any CPU.ActiveCfg = Debug|Any CPU
		{2ABFCEF5-95DE-44CD-8CC6-AC77BCFE92F5}.Debug|Any CPU.Build.0 = Debug|Any CPU
		{2ABFCEF5-95DE-44CD-8CC6-AC77BCFE92F5}.Release|Any CPU.ActiveCfg = Release|Any CPU
		{2ABFCEF5-95DE-44CD-8CC6-AC77BCFE92F5}.Release|Any CPU.Build.0 = Release|Any CPU
	EndGlobalSection
	GlobalSection(SolutionProperties) = preSolution
		HideSolutionNode = FALSE
	EndGlobalSection
	GlobalSection(NestedProjects) = preSolution
		{9503091C-1C3D-4747-A656-3DBF4B15B549} = {0414C260-6DF1-4C54-9679-35F785B70A92}
		{21A8445A-138A-4656-975A-4EB11734C7BB} = {CCADCE38-0696-4921-BFA9-6232CE249724}
		{1CFC51B6-E3C8-47C5-818B-9219D1549091} = {CCADCE38-0696-4921-BFA9-6232CE249724}
		{B32DC6FF-92CB-45B6-B2D0-A5AF827C36E9} = {CCADCE38-0696-4921-BFA9-6232CE249724}
		{F7E94688-07E0-4C13-B943-A4F5E77378CC} = {CCADCE38-0696-4921-BFA9-6232CE249724}
		{62B82E3D-852C-4CC3-BDA6-6D86A4F0CABF} = {C8A7E98D-E911-4AB2-A97F-D37766572A4E}
		{AF769751-74F9-48A4-9BDF-BD3BE2565D62} = {9503091C-1C3D-4747-A656-3DBF4B15B549}
		{B55C3671-A746-43FB-975F-21371F3F4FBB} = {F7E94688-07E0-4C13-B943-A4F5E77378CC}
		{8CE1EF03-1602-4FC7-9FB8-3C23FD15B475} = {B32DC6FF-92CB-45B6-B2D0-A5AF827C36E9}
		{3CE78A3B-4773-4519-9936-48BC9BCB1E8F} = {1CFC51B6-E3C8-47C5-818B-9219D1549091}
		{8DA1622B-E884-40B7-AB7F-63B8F391C35D} = {21A8445A-138A-4656-975A-4EB11734C7BB}
		{C20B1940-3D20-4CF2-8A26-715C589FA68B} = {62B82E3D-852C-4CC3-BDA6-6D86A4F0CABF}
		{7001B118-ECF6-41F0-BE81-8D0F37CC4198} = {C8A7E98D-E911-4AB2-A97F-D37766572A4E}
		{2ABFCEF5-95DE-44CD-8CC6-AC77BCFE92F5} = {7001B118-ECF6-41F0-BE81-8D0F37CC4198}
	EndGlobalSection
	GlobalSection(ExtensibilityGlobals) = postSolution
		SolutionGuid = {F33EC5ED-4CF3-4136-B65D-AC94253DE9C5}
	EndGlobalSection
EndGlobal
